{
  "name": "@cloud-cli/storage",
  "version": "0.0.0",
  "lockfileVersion": 3,
  "requires": true,
  "packages": {
    "": {
      "name": "@cloud-cli/storage",
      "version": "0.0.0",
      "devDependencies": {
        "@cloud-cli/prettier-config": "^1.0.0",
        "@cloud-cli/typescript-config": "^1.0.0"
      }
    },
    "node_modules/@cloud-cli/prettier-config": {
      "version": "1.0.0",
      "resolved": "https://registry.npmjs.org/@cloud-cli/prettier-config/-/prettier-config-1.0.0.tgz",
      "integrity": "sha512-0Ops1CBvaV4keDW+phGR2eOLmjBhXHV8eG5Cm3nAqlHUdWbYs9a73r39GVDzz/J5kni5iUhKJG/IPKwPinWpsA==",
      "dev": true
    },
    "node_modules/@cloud-cli/typescript-config": {
      "version": "1.0.1",
      "resolved": "https://registry.npmjs.org/@cloud-cli/typescript-config/-/typescript-config-1.0.1.tgz",
      "integrity": "sha512-Mo2IL2gTDRqDdoDn7qZLWjFRpXSODmHk0IhZZMpVt0XLfv8V4QQj8mGTJJQCq9HBncyowk3+OYWV4OD8x5BW9w==",
      "dev": true
    }
  }
}
